
Microsoft Visual Studio Solution File, Format Version 12.00
# Visual Studio Version 17
VisualStudioVersion = 17.3.32819.101
MinimumVisualStudioVersion = 10.0.40219.1
Project("{9A19103F-16F7-4668-BE54-9A1E7A4F7556}") = "SimpleServer", "SimpleServer\SimpleServer.csproj", "{D494FF58-929A-4F61-B73A-5BE191136125}"
EndProject
Project("{9A19103F-16F7-4668-BE54-9A1E7A4F7556}") = "ServiceFactory", "ServiceFactory\ServiceFactory.csproj", "{9E065F16-478B-4C06-8763-778AF4F148E2}"
EndProject
Project("{9A19103F-16F7-4668-BE54-9A1E7A4F7556}") = "Domain.Interfaces", "Domain.Interfaces\Domain.Interfaces.csproj", "{F6DC7AFA-8BCA-4582-9688-18B802C0D979}"
EndProject
Project("{9A19103F-16F7-4668-BE54-9A1E7A4F7556}") = "Domain", "Domain\Domain.csproj", "{E0003C1E-1121-4B4B-9A00-A6D293D84025}"
EndProject
Project("{9A19103F-16F7-4668-BE54-9A1E7A4F7556}") = "SimpleServer.test", "SimpleServer.test\SimpleServer.test.csproj", "{D40DB091-7941-4490-82F8-A45ADB05885E}"
EndProject
Project("{9A19103F-16F7-4668-BE54-9A1E7A4F7556}") = "Entities", "Entities\Entities.csproj", "{ABD5D99D-9B3F-4B0F-A122-4727D9E02F7B}"
EndProject
Project("{9A19103F-16F7-4668-BE54-9A1E7A4F7556}") = "Domain.Test", "Domain.Test\Domain.Test.csproj", "{1F832773-746D-4126-9491-3A21B9BEF033}"
EndProject
Project("{9A19103F-16F7-4668-BE54-9A1E7A4F7556}") = "DataAccess.Interfaces", "DataAccess.Interfaces\DataAccess.Interfaces.csproj", "{4166B2D6-440D-4127-98B4-D90790546EEB}"
EndProject
Project("{9A19103F-16F7-4668-BE54-9A1E7A4F7556}") = "DataAccess", "DataAccess\DataAccess.csproj", "{901A90D1-82EA-4E72-8C43-88C0DCB8BAC2}"
EndProject
Project("{FAE04EC0-301F-11D3-BF4B-00C04F79EFBC}") = "DataAccess.Tests", "DataAccess.Tests\DataAccess.Tests.csproj", "{200780A7-6F12-4762-8574-67F1657470ED}"
EndProject
Global
	GlobalSection(SolutionConfigurationPlatforms) = preSolution
		Debug|Any CPU = Debug|Any CPU
		Release|Any CPU = Release|Any CPU
	EndGlobalSection
	GlobalSection(ProjectConfigurationPlatforms) = postSolution
		{D494FF58-929A-4F61-B73A-5BE191136125}.Debug|Any CPU.ActiveCfg = Debug|Any CPU
		{D494FF58-929A-4F61-B73A-5BE191136125}.Debug|Any CPU.Build.0 = Debug|Any CPU
		{D494FF58-929A-4F61-B73A-5BE191136125}.Release|Any CPU.ActiveCfg = Release|Any CPU
		{D494FF58-929A-4F61-B73A-5BE191136125}.Release|Any CPU.Build.0 = Release|Any CPU
		{9E065F16-478B-4C06-8763-778AF4F148E2}.Debug|Any CPU.ActiveCfg = Debug|Any CPU
		{9E065F16-478B-4C06-8763-778AF4F148E2}.Debug|Any CPU.Build.0 = Debug|Any CPU
		{9E065F16-478B-4C06-8763-778AF4F148E2}.Release|Any CPU.ActiveCfg = Release|Any CPU
		{9E065F16-478B-4C06-8763-778AF4F148E2}.Release|Any CPU.Build.0 = Release|Any CPU
		{F6DC7AFA-8BCA-4582-9688-18B802C0D979}.Debug|Any CPU.ActiveCfg = Debug|Any CPU
		{F6DC7AFA-8BCA-4582-9688-18B802C0D979}.Debug|Any CPU.Build.0 = Debug|Any CPU
		{F6DC7AFA-8BCA-4582-9688-18B802C0D979}.Release|Any CPU.ActiveCfg = Release|Any CPU
		{F6DC7AFA-8BCA-4582-9688-18B802C0D979}.Release|Any CPU.Build.0 = Release|Any CPU
		{E0003C1E-1121-4B4B-9A00-A6D293D84025}.Debug|Any CPU.ActiveCfg = Debug|Any CPU
		{E0003C1E-1121-4B4B-9A00-A6D293D84025}.Debug|Any CPU.Build.0 = Debug|Any CPU
		{E0003C1E-1121-4B4B-9A00-A6D293D84025}.Release|Any CPU.ActiveCfg = Release|Any CPU
		{E0003C1E-1121-4B4B-9A00-A6D293D84025}.Release|Any CPU.Build.0 = Release|Any CPU
		{D40DB091-7941-4490-82F8-A45ADB05885E}.Debug|Any CPU.ActiveCfg = Debug|Any CPU
		{D40DB091-7941-4490-82F8-A45ADB05885E}.Debug|Any CPU.Build.0 = Debug|Any CPU
		{D40DB091-7941-4490-82F8-A45ADB05885E}.Release|Any CPU.ActiveCfg = Release|Any CPU
		{D40DB091-7941-4490-82F8-A45ADB05885E}.Release|Any CPU.Build.0 = Release|Any CPU
		{ABD5D99D-9B3F-4B0F-A122-4727D9E02F7B}.Debug|Any CPU.ActiveCfg = Debug|Any CPU
		{ABD5D99D-9B3F-4B0F-A122-4727D9E02F7B}.Debug|Any CPU.Build.0 = Debug|Any CPU
		{ABD5D99D-9B3F-4B0F-A122-4727D9E02F7B}.Release|Any CPU.ActiveCfg = Release|Any CPU
		{ABD5D99D-9B3F-4B0F-A122-4727D9E02F7B}.Release|Any CPU.Build.0 = Release|Any CPU
		{1F832773-746D-4126-9491-3A21B9BEF033}.Debug|Any CPU.ActiveCfg = Debug|Any CPU
		{1F832773-746D-4126-9491-3A21B9BEF033}.Debug|Any CPU.Build.0 = Debug|Any CPU
		{1F832773-746D-4126-9491-3A21B9BEF033}.Release|Any CPU.ActiveCfg = Release|Any CPU
		{1F832773-746D-4126-9491-3A21B9BEF033}.Release|Any CPU.Build.0 = Release|Any CPU
		{4166B2D6-440D-4127-98B4-D90790546EEB}.Debug|Any CPU.ActiveCfg = Debug|Any CPU
		{4166B2D6-440D-4127-98B4-D90790546EEB}.Debug|Any CPU.Build.0 = Debug|Any CPU
		{4166B2D6-440D-4127-98B4-D90790546EEB}.Release|Any CPU.ActiveCfg = Release|Any CPU
		{4166B2D6-440D-4127-98B4-D90790546EEB}.Release|Any CPU.Build.0 = Release|Any CPU
		{901A90D1-82EA-4E72-8C43-88C0DCB8BAC2}.Debug|Any CPU.ActiveCfg = Debug|Any CPU
		{901A90D1-82EA-4E72-8C43-88C0DCB8BAC2}.Debug|Any CPU.Build.0 = Debug|Any CPU
		{901A90D1-82EA-4E72-8C43-88C0DCB8BAC2}.Release|Any CPU.ActiveCfg = Release|Any CPU
		{901A90D1-82EA-4E72-8C43-88C0DCB8BAC2}.Release|Any CPU.Build.0 = Release|Any CPU
		{200780A7-6F12-4762-8574-67F1657470ED}.Debug|Any CPU.ActiveCfg = Debug|Any CPU
		{200780A7-6F12-4762-8574-67F1657470ED}.Debug|Any CPU.Build.0 = Debug|Any CPU
		{200780A7-6F12-4762-8574-67F1657470ED}.Release|Any CPU.ActiveCfg = Release|Any CPU
		{200780A7-6F12-4762-8574-67F1657470ED}.Release|Any CPU.Build.0 = Release|Any CPU
	EndGlobalSection
	GlobalSection(SolutionProperties) = preSolution
		HideSolutionNode = FALSE
	EndGlobalSection
	GlobalSection(ExtensibilityGlobals) = postSolution
		SolutionGuid = {FED70E19-BDCA-49F9-9A2B-3E25E57B4D22}
	EndGlobalSection
EndGlobal
